
Microsoft Visual Studio Solution File, Format Version 12.00
# Visual Studio Version 16
VisualStudioVersion = 16.0.30717.126
MinimumVisualStudioVersion = 10.0.40219.1
Project("{8BC9CEB8-8B4A-11D0-8D11-00A0C91BC942}") = "rws", "rws.vcxproj", "{BA43BFE3-2FE8-4A1C-A19E-D7C96EA049C0}"
EndProject
Global
	GlobalSection(SolutionConfigurationPlatforms) = preSolution
		Debug|x64 = Debug|x64
		Debug|x86 = Debug|x86
		Release|x64 = Release|x64
		Release|x86 = Release|x86
	EndGlobalSection
	GlobalSection(ProjectConfigurationPlatforms) = postSolution
		{BA43BFE3-2FE8-4A1C-A19E-D7C96EA049C0}.Debug|x64.ActiveCfg = Debug|x64
		{BA43BFE3-2FE8-4A1C-A19E-D7C96EA049C0}.Debug|x64.Build.0 = Debug|x64
		{BA43BFE3-2FE8-4A1C-A19E-D7C96EA049C0}.Debug|x86.ActiveCfg = Debug|Win32
		{BA43BFE3-2FE8-4A1C-A19E-D7C96EA049C0}.Debug|x86.Build.0 = Debug|Win32
		{BA43BFE3-2FE8-4A1C-A19E-D7C96EA049C0}.Release|x64.ActiveCfg = Release|x64
		{BA43BFE3-2FE8-4A1C-A19E-D7C96EA049C0}.Release|x64.Build.0 = Release|x64
		{BA43BFE3-2FE8-4A1C-A19E-D7C96EA049C0}.Release|x86.ActiveCfg = Release|Win32
		{BA43BFE3-2FE8-4A1C-A19E-D7C96EA049C0}.Release|x86.Build.0 = Release|Win32
	EndGlobalSection
	GlobalSection(SolutionProperties) = preSolution
		HideSolutionNode = FALSE
	EndGlobalSection
	GlobalSection(ExtensibilityGlobals) = postSolution
		SolutionGuid = {F086CFFC-5273-4069-8708-C27BF248E11F}
	EndGlobalSection
EndGlobal
