<?xml version="1.0" encoding="utf-8"?>
<Project ToolsVersion="4.0" xmlns="http://schemas.microsoft.com/developer/msbuild/2003">
  <ItemGroup>
    <Filter Include="Source Files">
      <UniqueIdentifier>{4FC737F1-C7A5-4376-A066-2A32D752A2FF}</UniqueIdentifier>
      <Extensions>cpp;c;cc;cxx;c++;cppm;ixx;def;odl;idl;hpj;bat;asm;asmx</Extensions>
    </Filter>
    <Filter Include="Header Files">
      <UniqueIdentifier>{93995380-89BD-4b04-88EB-625FBE52EBFB}</UniqueIdentifier>
      <Extensions>h;hh;hpp;hxx;h++;hm;inl;inc;ipp;xsd</Extensions>
    </Filter>
    <Filter Include="Resource Files">
      <UniqueIdentifier>{67DA6AB6-F800-4c08-8B7A-83BB121AAD01}</UniqueIdentifier>
      <Extensions>rc;ico;cur;bmp;dlg;rc2;rct;bin;rgs;gif;jpg;jpeg;jpe;resx;tiff;tif;png;wav;mfcribbon-ms</Extensions>
    </Filter>
  </ItemGroup>
  <ItemGroup>
    <ClInclude Include="include\rws_core.h">
      <Filter>Header Files</Filter>
    </ClInclude>
    <ClInclude Include="include\rws_hanim.h">
      <Filter>Header Files</Filter>
    </ClInclude>
    <ClInclude Include="include\rws\core\chunk.h">
      <Filter>Header Files</Filter>
    </ClInclude>
    <ClInclude Include="include\rws\core\chunk_extension.h">
      <Filter>Header Files</Filter>
    </ClInclude>
    <ClInclude Include="include\rws\core\frame.h">
      <Filter>Header Files</Filter>
    </ClInclude>
    <ClInclude Include="include\rws\core\chunk_framelist.h">
      <Filter>Header Files</Filter>
    </ClInclude>
    <ClInclude Include="include\rws\core\ids.h">
      <Filter>Header Files</Filter>
    </ClInclude>
    <ClInclude Include="include\rws\core\mem.h">
      <Filter>Header Files</Filter>
    </ClInclude>
    <ClInclude Include="include\rws\core\stream.h">
      <Filter>Header Files</Filter>
    </ClInclude>
    <ClInclude Include="include\rws\core\chunk_string.h">
      <Filter>Header Files</Filter>
    </ClInclude>
    <ClInclude Include="include\rws\core\chunk_unicodestring.h">
      <Filter>Header Files</Filter>
    </ClInclude>
    <ClInclude Include="include\rws\core\chunk_texture.h">
      <Filter>Header Files</Filter>
    </ClInclude>
    <ClInclude Include="include\rws\core\types.h">
      <Filter>Header Files</Filter>
    </ClInclude>
    <ClInclude Include="include\rws\core\version.h">
      <Filter>Header Files</Filter>
    </ClInclude>
    <ClInclude Include="include\rws\hanim\chunk_hanim.h">
      <Filter>Header Files</Filter>
    </ClInclude>
    <ClInclude Include="include\rws\skin\chunk_skin.h">
      <Filter>Header Files</Filter>
    </ClInclude>
    <ClInclude Include="include\rws\world\chunk_atomic.h">
      <Filter>Header Files</Filter>
    </ClInclude>
    <ClInclude Include="include\rws\world\chunk_binmesh.h">
      <Filter>Header Files</Filter>
    </ClInclude>
    <ClInclude Include="include\rws\world\chunk_clump.h">
      <Filter>Header Files</Filter>
    </ClInclude>
    <ClInclude Include="include\rws\world\chunk_geometry.h">
      <Filter>Header Files</Filter>
    </ClInclude>
    <ClInclude Include="include\rws\world\chunk_geometrylist.h">
      <Filter>Header Files</Filter>
    </ClInclude>
    <ClInclude Include="include\rws\world\chunk_materiallist.h">
      <Filter>Header Files</Filter>
    </ClInclude>
    <ClInclude Include="include\rws\world\chunk_material.h">
      <Filter>Header Files</Filter>
    </ClInclude>
    <ClInclude Include="include\rws_skin.h">
      <Filter>Header Files</Filter>
    </ClInclude>
    <ClInclude Include="include\rws_world.h">
      <Filter>Header Files</Filter>
    </ClInclude>
    <ClInclude Include="include\rws\world\world_common.h">
      <Filter>Header Files</Filter>
    </ClInclude>
    <ClInclude Include="include\rws\core\core_common.h">
      <Filter>Header Files</Filter>
    </ClInclude>
    <ClInclude Include="include\rws\core\chunk_default.h">
      <Filter>Header Files</Filter>
    </ClInclude>
    <ClInclude Include="include\rws\world\chunk_nativedata.h">
      <Filter>Header Files</Filter>
    </ClInclude>
    <ClInclude Include="include\rws\world\native\nativedata_gc.h">
      <Filter>Header Files</Filter>
    </ClInclude>
    <ClInclude Include="include\rws\world\native\nativedata_platform.h">
      <Filter>Header Files</Filter>
    </ClInclude>
    <ClInclude Include="include\rws\world\native\nativedata_default.h">
      <Filter>Header Files</Filter>
    </ClInclude>
    <ClInclude Include="include\rws\core\byte_array.h">
      <Filter>Header Files</Filter>
    </ClInclude>
    <ClInclude Include="include\rws\world\native\nativedata_ps2.h">
      <Filter>Header Files</Filter>
    </ClInclude>
    <ClInclude Include="include\rws\world\native\nativedata_xbox.h">
      <Filter>Header Files</Filter>
    </ClInclude>
    <ClInclude Include="include\rws_world_gc.h">
      <Filter>Header Files</Filter>
    </ClInclude>
    <ClInclude Include="include\rws_world_ps2.h">
      <Filter>Header Files</Filter>
    </ClInclude>
    <ClInclude Include="include\rws_world_xbox.h">
      <Filter>Header Files</Filter>
    </ClInclude>
  </ItemGroup>
  <ItemGroup>
    <ClCompile Include="src\rws\core\chunk.cpp">
      <Filter>Source Files</Filter>
    </ClCompile>
    <ClCompile Include="src\rws\core\chunk_framelist.cpp">
      <Filter>Source Files</Filter>
    </ClCompile>
    <ClCompile Include="src\rws\core\mem.cpp">
      <Filter>Source Files</Filter>
    </ClCompile>
    <ClCompile Include="src\rws\core\stream.cpp">
      <Filter>Source Files</Filter>
    </ClCompile>
    <ClCompile Include="src\rws\core\chunk_string.cpp">
      <Filter>Source Files</Filter>
    </ClCompile>
    <ClCompile Include="src\rws\core\chunk_texture.cpp">
      <Filter>Source Files</Filter>
    </ClCompile>
    <ClCompile Include="src\rws\core\version.cpp">
      <Filter>Source Files</Filter>
    </ClCompile>
    <ClCompile Include="src\rws\hanim\chunk_hanim.cpp">
      <Filter>Source Files</Filter>
    </ClCompile>
    <ClCompile Include="src\rws\skin\chunk_skin.cpp">
      <Filter>Source Files</Filter>
    </ClCompile>
    <ClCompile Include="src\rws\world\chunk_atomic.cpp">
      <Filter>Source Files</Filter>
    </ClCompile>
    <ClCompile Include="src\rws\world\chunk_binmesh.cpp">
      <Filter>Source Files</Filter>
    </ClCompile>
    <ClCompile Include="src\rws\world\chunk_clump.cpp">
      <Filter>Source Files</Filter>
    </ClCompile>
    <ClCompile Include="src\rws\world\chunk_geometrylist.cpp">
      <Filter>Source Files</Filter>
    </ClCompile>
    <ClCompile Include="src\rws\world\chunk_materiallist.cpp">
      <Filter>Source Files</Filter>
    </ClCompile>
    <ClCompile Include="src\rws\core\chunk_unicodestring.cpp">
      <Filter>Source Files</Filter>
    </ClCompile>
    <ClCompile Include="src\rws\world\chunk_geometry.cpp">
      <Filter>Source Files</Filter>
    </ClCompile>
    <ClCompile Include="src\rws\world\chunk_material.cpp">
      <Filter>Source Files</Filter>
    </ClCompile>
    <ClCompile Include="src\rws\world\chunk_nativedata.cpp">
      <Filter>Source Files</Filter>
    </ClCompile>
    <ClCompile Include="src\rws\core\byte_array.cpp">
      <Filter>Source Files</Filter>
    </ClCompile>
    <ClCompile Include="src\rws\world\native\nativedata_gc.cpp">
      <Filter>Source Files</Filter>
    </ClCompile>
    <ClCompile Include="src\rws\world\native\nativedata_ps2.cpp">
      <Filter>Source Files</Filter>
    </ClCompile>
    <ClCompile Include="src\rws\world\native\nativedata_xbox.cpp">
      <Filter>Source Files</Filter>
    </ClCompile>
  </ItemGroup>
</Project>